
Microsoft Visual Studio Solution File, Format Version 12.00
# Visual Studio 14
VisualStudioVersion = 14.0.24720.0
MinimumVisualStudioVersion = 10.0.40219.1
Project("{2150E333-8FDC-42A3-9474-1A3956D46DE8}") = "Data", "Data", "{EC2BFDEF-AB97-4055-8185-7F5CE1F260D6}"
EndProject
Project("{2150E333-8FDC-42A3-9474-1A3956D46DE8}") = "Common", "Common", "{8B89AC8F-69ED-4CBF-A931-11077F6FF3EE}"
EndProject
Project("{FAE04EC0-301F-11D3-BF4B-00C04F79EFBC}") = "DataInsertion", "Data\DataInsertion\DataInsertion.csproj", "{447938D5-3B6A-4A21-BFC1-E28C8CE1B4E4}"
EndProject
Project("{FAE04EC0-301F-11D3-BF4B-00C04F79EFBC}") = "Entity", "Data\Entity\Entity.csproj", "{4D342B87-E750-476A-B5D0-917F51895B8E}"
EndProject
Project("{FAE04EC0-301F-11D3-BF4B-00C04F79EFBC}") = "Framework", "Common\Framework\Framework.csproj", "{730253F4-9736-463D-A3A8-596B1AFE8184}"
EndProject
Project("{FAE04EC0-301F-11D3-BF4B-00C04F79EFBC}") = "Resource", "Common\Resource\Resource.csproj", "{F08FE894-761A-4E5D-B554-1C13A3791D81}"
EndProject
Project("{2150E333-8FDC-42A3-9474-1A3956D46DE8}") = "Main", "Main", "{F6B33B43-A7F8-4981-BDC9-3D35BF27ECB6}"
EndProject
Project("{2150E333-8FDC-42A3-9474-1A3956D46DE8}") = "Accounting", "Accounting", "{1A0F2D06-2F8C-47E7-B1D5-3084A849FE7D}"
EndProject
Project("{FAE04EC0-301F-11D3-BF4B-00C04F79EFBC}") = "MainController", "Main\MasterData\Controller\MainController.csproj", "{1DC71039-EE01-47C2-96BB-BC335618D4D6}"
EndProject
Project("{FAE04EC0-301F-11D3-BF4B-00C04F79EFBC}") = "MainInfrastructure", "Main\MasterData\Infrastucture\MainInfrastructure.csproj", "{274CFF4B-1A5A-42B4-B311-68B8E8C4D10A}"
EndProject
Project("{FAE04EC0-301F-11D3-BF4B-00C04F79EFBC}") = "MainModel", "Main\MasterData\Model\MainModel.csproj", "{837F39AA-C6FD-48B9-8A1C-FD6D5755AE3F}"
EndProject
Project("{FAE04EC0-301F-11D3-BF4B-00C04F79EFBC}") = "MainView", "Main\MasterData\View\MainView.csproj", "{08857B19-2D63-4D5C-8BC9-A78F627081B8}"
EndProject
Project("{FAE04EC0-301F-11D3-BF4B-00C04F79EFBC}") = "AccountingController", "Accounting\Controller\AccountingController.csproj", "{E616F5DA-B96D-422B-BE2B-70D597F5A21B}"
EndProject
Project("{FAE04EC0-301F-11D3-BF4B-00C04F79EFBC}") = "AccountingInfrastructure", "Accounting\Infrastucture\AccountingInfrastructure.csproj", "{92077F63-DBBC-49BB-9939-A5E1BA9E1438}"
EndProject
Project("{FAE04EC0-301F-11D3-BF4B-00C04F79EFBC}") = "AccountingModel", "Accounting\Model\AccountingModel.csproj", "{09C239E2-83DC-46E5-85F2-DFCBDD9A8BDA}"
EndProject
Project("{FAE04EC0-301F-11D3-BF4B-00C04F79EFBC}") = "AccountingView", "Accounting\View\AccountingView.csproj", "{FB547240-EE7F-400E-A174-DD9E3AE32676}"
EndProject
Project("{2150E333-8FDC-42A3-9474-1A3956D46DE8}") = "Project", "Project", "{4A16A4BC-70CE-4F28-812F-296A2CCA9122}"
EndProject
Project("{FAE04EC0-301F-11D3-BF4B-00C04F79EFBC}") = "LoanProject", "LoanProject\LoanProject.csproj", "{5DAAD003-1441-478A-881A-462D04E917B4}"
EndProject
Project("{FAE04EC0-301F-11D3-BF4B-00C04F79EFBC}") = "KZComponent", "Common\KZComponent\KZComponent.csproj", "{48741DD5-C66B-4CFC-972C-D5E5BE1B1C2E}"
EndProject
Project("{FAE04EC0-301F-11D3-BF4B-00C04F79EFBC}") = "Repository", "Data\Repository\Repository.csproj", "{E5023806-5A02-4131-84F6-D202DD3E56F3}"
EndProject
Project("{FAE04EC0-301F-11D3-BF4B-00C04F79EFBC}") = "KZRegister", "Common\KZRegister\KZRegister.csproj", "{291F9749-C23B-4D5F-A6C0-73D41956A02A}"
EndProject
Global
	GlobalSection(SolutionConfigurationPlatforms) = preSolution
		Debug|Any CPU = Debug|Any CPU
		Release|Any CPU = Release|Any CPU
	EndGlobalSection
	GlobalSection(ProjectConfigurationPlatforms) = postSolution
		{447938D5-3B6A-4A21-BFC1-E28C8CE1B4E4}.Debug|Any CPU.ActiveCfg = Debug|Any CPU
		{447938D5-3B6A-4A21-BFC1-E28C8CE1B4E4}.Debug|Any CPU.Build.0 = Debug|Any CPU
		{447938D5-3B6A-4A21-BFC1-E28C8CE1B4E4}.Release|Any CPU.ActiveCfg = Release|Any CPU
		{447938D5-3B6A-4A21-BFC1-E28C8CE1B4E4}.Release|Any CPU.Build.0 = Release|Any CPU
		{4D342B87-E750-476A-B5D0-917F51895B8E}.Debug|Any CPU.ActiveCfg = Debug|Any CPU
		{4D342B87-E750-476A-B5D0-917F51895B8E}.Debug|Any CPU.Build.0 = Debug|Any CPU
		{4D342B87-E750-476A-B5D0-917F51895B8E}.Release|Any CPU.ActiveCfg = Release|Any CPU
		{4D342B87-E750-476A-B5D0-917F51895B8E}.Release|Any CPU.Build.0 = Release|Any CPU
		{730253F4-9736-463D-A3A8-596B1AFE8184}.Debug|Any CPU.ActiveCfg = Debug|Any CPU
		{730253F4-9736-463D-A3A8-596B1AFE8184}.Debug|Any CPU.Build.0 = Debug|Any CPU
		{730253F4-9736-463D-A3A8-596B1AFE8184}.Release|Any CPU.ActiveCfg = Release|Any CPU
		{730253F4-9736-463D-A3A8-596B1AFE8184}.Release|Any CPU.Build.0 = Release|Any CPU
		{F08FE894-761A-4E5D-B554-1C13A3791D81}.Debug|Any CPU.ActiveCfg = Debug|Any CPU
		{F08FE894-761A-4E5D-B554-1C13A3791D81}.Debug|Any CPU.Build.0 = Debug|Any CPU
		{F08FE894-761A-4E5D-B554-1C13A3791D81}.Release|Any CPU.ActiveCfg = Release|Any CPU
		{F08FE894-761A-4E5D-B554-1C13A3791D81}.Release|Any CPU.Build.0 = Release|Any CPU
		{1DC71039-EE01-47C2-96BB-BC335618D4D6}.Debug|Any CPU.ActiveCfg = Debug|Any CPU
		{1DC71039-EE01-47C2-96BB-BC335618D4D6}.Debug|Any CPU.Build.0 = Debug|Any CPU
		{1DC71039-EE01-47C2-96BB-BC335618D4D6}.Release|Any CPU.ActiveCfg = Release|Any CPU
		{1DC71039-EE01-47C2-96BB-BC335618D4D6}.Release|Any CPU.Build.0 = Release|Any CPU
		{274CFF4B-1A5A-42B4-B311-68B8E8C4D10A}.Debug|Any CPU.ActiveCfg = Debug|Any CPU
		{274CFF4B-1A5A-42B4-B311-68B8E8C4D10A}.Debug|Any CPU.Build.0 = Debug|Any CPU
		{274CFF4B-1A5A-42B4-B311-68B8E8C4D10A}.Release|Any CPU.ActiveCfg = Release|Any CPU
		{274CFF4B-1A5A-42B4-B311-68B8E8C4D10A}.Release|Any CPU.Build.0 = Release|Any CPU
		{837F39AA-C6FD-48B9-8A1C-FD6D5755AE3F}.Debug|Any CPU.ActiveCfg = Debug|Any CPU
		{837F39AA-C6FD-48B9-8A1C-FD6D5755AE3F}.Debug|Any CPU.Build.0 = Debug|Any CPU
		{837F39AA-C6FD-48B9-8A1C-FD6D5755AE3F}.Release|Any CPU.ActiveCfg = Release|Any CPU
		{837F39AA-C6FD-48B9-8A1C-FD6D5755AE3F}.Release|Any CPU.Build.0 = Release|Any CPU
		{08857B19-2D63-4D5C-8BC9-A78F627081B8}.Debug|Any CPU.ActiveCfg = Debug|Any CPU
		{08857B19-2D63-4D5C-8BC9-A78F627081B8}.Debug|Any CPU.Build.0 = Debug|Any CPU
		{08857B19-2D63-4D5C-8BC9-A78F627081B8}.Release|Any CPU.ActiveCfg = Release|Any CPU
		{08857B19-2D63-4D5C-8BC9-A78F627081B8}.Release|Any CPU.Build.0 = Release|Any CPU
		{E616F5DA-B96D-422B-BE2B-70D597F5A21B}.Debug|Any CPU.ActiveCfg = Debug|Any CPU
		{E616F5DA-B96D-422B-BE2B-70D597F5A21B}.Debug|Any CPU.Build.0 = Debug|Any CPU
		{E616F5DA-B96D-422B-BE2B-70D597F5A21B}.Release|Any CPU.ActiveCfg = Release|Any CPU
		{E616F5DA-B96D-422B-BE2B-70D597F5A21B}.Release|Any CPU.Build.0 = Release|Any CPU
		{92077F63-DBBC-49BB-9939-A5E1BA9E1438}.Debug|Any CPU.ActiveCfg = Debug|Any CPU
		{92077F63-DBBC-49BB-9939-A5E1BA9E1438}.Debug|Any CPU.Build.0 = Debug|Any CPU
		{92077F63-DBBC-49BB-9939-A5E1BA9E1438}.Release|Any CPU.ActiveCfg = Release|Any CPU
		{92077F63-DBBC-49BB-9939-A5E1BA9E1438}.Release|Any CPU.Build.0 = Release|Any CPU
		{09C239E2-83DC-46E5-85F2-DFCBDD9A8BDA}.Debug|Any CPU.ActiveCfg = Debug|Any CPU
		{09C239E2-83DC-46E5-85F2-DFCBDD9A8BDA}.Debug|Any CPU.Build.0 = Debug|Any CPU
		{09C239E2-83DC-46E5-85F2-DFCBDD9A8BDA}.Release|Any CPU.ActiveCfg = Release|Any CPU
		{09C239E2-83DC-46E5-85F2-DFCBDD9A8BDA}.Release|Any CPU.Build.0 = Release|Any CPU
		{FB547240-EE7F-400E-A174-DD9E3AE32676}.Debug|Any CPU.ActiveCfg = Debug|Any CPU
		{FB547240-EE7F-400E-A174-DD9E3AE32676}.Debug|Any CPU.Build.0 = Debug|Any CPU
		{FB547240-EE7F-400E-A174-DD9E3AE32676}.Release|Any CPU.ActiveCfg = Release|Any CPU
		{FB547240-EE7F-400E-A174-DD9E3AE32676}.Release|Any CPU.Build.0 = Release|Any CPU
		{5DAAD003-1441-478A-881A-462D04E917B4}.Debug|Any CPU.ActiveCfg = Debug|Any CPU
		{5DAAD003-1441-478A-881A-462D04E917B4}.Debug|Any CPU.Build.0 = Debug|Any CPU
		{5DAAD003-1441-478A-881A-462D04E917B4}.Release|Any CPU.ActiveCfg = Release|Any CPU
		{5DAAD003-1441-478A-881A-462D04E917B4}.Release|Any CPU.Build.0 = Release|Any CPU
		{48741DD5-C66B-4CFC-972C-D5E5BE1B1C2E}.Debug|Any CPU.ActiveCfg = Debug|Any CPU
		{48741DD5-C66B-4CFC-972C-D5E5BE1B1C2E}.Debug|Any CPU.Build.0 = Debug|Any CPU
		{48741DD5-C66B-4CFC-972C-D5E5BE1B1C2E}.Release|Any CPU.ActiveCfg = Release|Any CPU
		{48741DD5-C66B-4CFC-972C-D5E5BE1B1C2E}.Release|Any CPU.Build.0 = Release|Any CPU
		{E5023806-5A02-4131-84F6-D202DD3E56F3}.Debug|Any CPU.ActiveCfg = Debug|Any CPU
		{E5023806-5A02-4131-84F6-D202DD3E56F3}.Debug|Any CPU.Build.0 = Debug|Any CPU
		{E5023806-5A02-4131-84F6-D202DD3E56F3}.Release|Any CPU.ActiveCfg = Release|Any CPU
		{E5023806-5A02-4131-84F6-D202DD3E56F3}.Release|Any CPU.Build.0 = Release|Any CPU
		{291F9749-C23B-4D5F-A6C0-73D41956A02A}.Debug|Any CPU.ActiveCfg = Debug|Any CPU
		{291F9749-C23B-4D5F-A6C0-73D41956A02A}.Debug|Any CPU.Build.0 = Debug|Any CPU
		{291F9749-C23B-4D5F-A6C0-73D41956A02A}.Release|Any CPU.ActiveCfg = Release|Any CPU
		{291F9749-C23B-4D5F-A6C0-73D41956A02A}.Release|Any CPU.Build.0 = Release|Any CPU
	EndGlobalSection
	GlobalSection(SolutionProperties) = preSolution
		HideSolutionNode = FALSE
	EndGlobalSection
	GlobalSection(NestedProjects) = preSolution
		{447938D5-3B6A-4A21-BFC1-E28C8CE1B4E4} = {EC2BFDEF-AB97-4055-8185-7F5CE1F260D6}
		{4D342B87-E750-476A-B5D0-917F51895B8E} = {EC2BFDEF-AB97-4055-8185-7F5CE1F260D6}
		{730253F4-9736-463D-A3A8-596B1AFE8184} = {8B89AC8F-69ED-4CBF-A931-11077F6FF3EE}
		{F08FE894-761A-4E5D-B554-1C13A3791D81} = {8B89AC8F-69ED-4CBF-A931-11077F6FF3EE}
		{1DC71039-EE01-47C2-96BB-BC335618D4D6} = {F6B33B43-A7F8-4981-BDC9-3D35BF27ECB6}
		{274CFF4B-1A5A-42B4-B311-68B8E8C4D10A} = {F6B33B43-A7F8-4981-BDC9-3D35BF27ECB6}
		{837F39AA-C6FD-48B9-8A1C-FD6D5755AE3F} = {F6B33B43-A7F8-4981-BDC9-3D35BF27ECB6}
		{08857B19-2D63-4D5C-8BC9-A78F627081B8} = {F6B33B43-A7F8-4981-BDC9-3D35BF27ECB6}
		{E616F5DA-B96D-422B-BE2B-70D597F5A21B} = {1A0F2D06-2F8C-47E7-B1D5-3084A849FE7D}
		{92077F63-DBBC-49BB-9939-A5E1BA9E1438} = {1A0F2D06-2F8C-47E7-B1D5-3084A849FE7D}
		{09C239E2-83DC-46E5-85F2-DFCBDD9A8BDA} = {1A0F2D06-2F8C-47E7-B1D5-3084A849FE7D}
		{FB547240-EE7F-400E-A174-DD9E3AE32676} = {1A0F2D06-2F8C-47E7-B1D5-3084A849FE7D}
		{5DAAD003-1441-478A-881A-462D04E917B4} = {4A16A4BC-70CE-4F28-812F-296A2CCA9122}
		{48741DD5-C66B-4CFC-972C-D5E5BE1B1C2E} = {8B89AC8F-69ED-4CBF-A931-11077F6FF3EE}
		{E5023806-5A02-4131-84F6-D202DD3E56F3} = {EC2BFDEF-AB97-4055-8185-7F5CE1F260D6}
		{291F9749-C23B-4D5F-A6C0-73D41956A02A} = {8B89AC8F-69ED-4CBF-A931-11077F6FF3EE}
	EndGlobalSection
EndGlobal
