
Microsoft Visual Studio Solution File, Format Version 12.00
# Visual Studio 14
VisualStudioVersion = 14.0.24720.0
MinimumVisualStudioVersion = 10.0.40219.1
Project("{2150E333-8FDC-42A3-9474-1A3956D46DE8}") = "Data", "Data", "{EC2BFDEF-AB97-4055-8185-7F5CE1F260D6}"
EndProject
Project("{2150E333-8FDC-42A3-9474-1A3956D46DE8}") = "Common", "Common", "{8B89AC8F-69ED-4CBF-A931-11077F6FF3EE}"
EndProject
Project("{FAE04EC0-301F-11D3-BF4B-00C04F79EFBC}") = "DataContext", "Data\DataContext\DataContext.csproj", "{E5023806-5A02-4131-84F6-D202DD3E56F3}"
EndProject
Project("{FAE04EC0-301F-11D3-BF4B-00C04F79EFBC}") = "DataInsertion", "Data\DataInsertion\DataInsertion.csproj", "{447938D5-3B6A-4A21-BFC1-E28C8CE1B4E4}"
EndProject
Project("{FAE04EC0-301F-11D3-BF4B-00C04F79EFBC}") = "Entity", "Data\Entity\Entity.csproj", "{4D342B87-E750-476A-B5D0-917F51895B8E}"
EndProject
Project("{FAE04EC0-301F-11D3-BF4B-00C04F79EFBC}") = "Framework", "Common\Framework\Framework.csproj", "{730253F4-9736-463D-A3A8-596B1AFE8184}"
EndProject
Project("{FAE04EC0-301F-11D3-BF4B-00C04F79EFBC}") = "Resource", "Common\Resource\Resource.csproj", "{F08FE894-761A-4E5D-B554-1C13A3791D81}"
EndProject
Global
	GlobalSection(SolutionConfigurationPlatforms) = preSolution
		Debug|Any CPU = Debug|Any CPU
		Release|Any CPU = Release|Any CPU
	EndGlobalSection
	GlobalSection(ProjectConfigurationPlatforms) = postSolution
		{E5023806-5A02-4131-84F6-D202DD3E56F3}.Debug|Any CPU.ActiveCfg = Debug|Any CPU
		{E5023806-5A02-4131-84F6-D202DD3E56F3}.Debug|Any CPU.Build.0 = Debug|Any CPU
		{E5023806-5A02-4131-84F6-D202DD3E56F3}.Release|Any CPU.ActiveCfg = Release|Any CPU
		{E5023806-5A02-4131-84F6-D202DD3E56F3}.Release|Any CPU.Build.0 = Release|Any CPU
		{447938D5-3B6A-4A21-BFC1-E28C8CE1B4E4}.Debug|Any CPU.ActiveCfg = Debug|Any CPU
		{447938D5-3B6A-4A21-BFC1-E28C8CE1B4E4}.Debug|Any CPU.Build.0 = Debug|Any CPU
		{447938D5-3B6A-4A21-BFC1-E28C8CE1B4E4}.Release|Any CPU.ActiveCfg = Release|Any CPU
		{447938D5-3B6A-4A21-BFC1-E28C8CE1B4E4}.Release|Any CPU.Build.0 = Release|Any CPU
		{4D342B87-E750-476A-B5D0-917F51895B8E}.Debug|Any CPU.ActiveCfg = Debug|Any CPU
		{4D342B87-E750-476A-B5D0-917F51895B8E}.Debug|Any CPU.Build.0 = Debug|Any CPU
		{4D342B87-E750-476A-B5D0-917F51895B8E}.Release|Any CPU.ActiveCfg = Release|Any CPU
		{4D342B87-E750-476A-B5D0-917F51895B8E}.Release|Any CPU.Build.0 = Release|Any CPU
		{730253F4-9736-463D-A3A8-596B1AFE8184}.Debug|Any CPU.ActiveCfg = Debug|Any CPU
		{730253F4-9736-463D-A3A8-596B1AFE8184}.Debug|Any CPU.Build.0 = Debug|Any CPU
		{730253F4-9736-463D-A3A8-596B1AFE8184}.Release|Any CPU.ActiveCfg = Release|Any CPU
		{730253F4-9736-463D-A3A8-596B1AFE8184}.Release|Any CPU.Build.0 = Release|Any CPU
		{F08FE894-761A-4E5D-B554-1C13A3791D81}.Debug|Any CPU.ActiveCfg = Debug|Any CPU
		{F08FE894-761A-4E5D-B554-1C13A3791D81}.Debug|Any CPU.Build.0 = Debug|Any CPU
		{F08FE894-761A-4E5D-B554-1C13A3791D81}.Release|Any CPU.ActiveCfg = Release|Any CPU
		{F08FE894-761A-4E5D-B554-1C13A3791D81}.Release|Any CPU.Build.0 = Release|Any CPU
	EndGlobalSection
	GlobalSection(SolutionProperties) = preSolution
		HideSolutionNode = FALSE
	EndGlobalSection
	GlobalSection(NestedProjects) = preSolution
		{E5023806-5A02-4131-84F6-D202DD3E56F3} = {EC2BFDEF-AB97-4055-8185-7F5CE1F260D6}
		{447938D5-3B6A-4A21-BFC1-E28C8CE1B4E4} = {EC2BFDEF-AB97-4055-8185-7F5CE1F260D6}
		{4D342B87-E750-476A-B5D0-917F51895B8E} = {EC2BFDEF-AB97-4055-8185-7F5CE1F260D6}
		{730253F4-9736-463D-A3A8-596B1AFE8184} = {8B89AC8F-69ED-4CBF-A931-11077F6FF3EE}
		{F08FE894-761A-4E5D-B554-1C13A3791D81} = {8B89AC8F-69ED-4CBF-A931-11077F6FF3EE}
	EndGlobalSection
EndGlobal
